
Microsoft Visual Studio Solution File, Format Version 12.00
# Visual Studio 15
VisualStudioVersion = 15.0.28307.902
MinimumVisualStudioVersion = 10.0.40219.1
Project("{FAE04EC0-301F-11D3-BF4B-00C04F79EFBC}") = "csharpcorner.Android", "csharpcorner\csharpcorner.Android\csharpcorner.Android.csproj", "{9BB6582C-0642-4243-874F-7F6DE12D96E4}"
EndProject
Project("{FAE04EC0-301F-11D3-BF4B-00C04F79EFBC}") = "csharpcorner.iOS", "csharpcorner\csharpcorner.iOS\csharpcorner.iOS.csproj", "{C3C7A100-E017-488C-B08C-E1D6D1F37732}"
EndProject
Project("{FAE04EC0-301F-11D3-BF4B-00C04F79EFBC}") = "csharpcorner", "csharpcorner\csharpcorner\csharpcorner.csproj", "{0F611AB5-81E2-43C5-99F2-A8EC9B5479DA}"
EndProject
Global
	GlobalSection(SolutionConfigurationPlatforms) = preSolution
		Ad-Hoc|Any CPU = Ad-Hoc|Any CPU
		Ad-Hoc|iPhone = Ad-Hoc|iPhone
		Ad-Hoc|iPhoneSimulator = Ad-Hoc|iPhoneSimulator
		AppStore|Any CPU = AppStore|Any CPU
		AppStore|iPhone = AppStore|iPhone
		AppStore|iPhoneSimulator = AppStore|iPhoneSimulator
		Debug|Any CPU = Debug|Any CPU
		Debug|iPhone = Debug|iPhone
		Debug|iPhoneSimulator = Debug|iPhoneSimulator
		Release|Any CPU = Release|Any CPU
		Release|iPhone = Release|iPhone
		Release|iPhoneSimulator = Release|iPhoneSimulator
	EndGlobalSection
	GlobalSection(ProjectConfigurationPlatforms) = postSolution
		{9BB6582C-0642-4243-874F-7F6DE12D96E4}.Ad-Hoc|Any CPU.ActiveCfg = Release|Any CPU
		{9BB6582C-0642-4243-874F-7F6DE12D96E4}.Ad-Hoc|Any CPU.Build.0 = Release|Any CPU
		{9BB6582C-0642-4243-874F-7F6DE12D96E4}.Ad-Hoc|Any CPU.Deploy.0 = Release|Any CPU
		{9BB6582C-0642-4243-874F-7F6DE12D96E4}.Ad-Hoc|iPhone.ActiveCfg = Release|Any CPU
		{9BB6582C-0642-4243-874F-7F6DE12D96E4}.Ad-Hoc|iPhone.Build.0 = Release|Any CPU
		{9BB6582C-0642-4243-874F-7F6DE12D96E4}.Ad-Hoc|iPhone.Deploy.0 = Release|Any CPU
		{9BB6582C-0642-4243-874F-7F6DE12D96E4}.Ad-Hoc|iPhoneSimulator.ActiveCfg = Release|Any CPU
		{9BB6582C-0642-4243-874F-7F6DE12D96E4}.Ad-Hoc|iPhoneSimulator.Build.0 = Release|Any CPU
		{9BB6582C-0642-4243-874F-7F6DE12D96E4}.Ad-Hoc|iPhoneSimulator.Deploy.0 = Release|Any CPU
		{9BB6582C-0642-4243-874F-7F6DE12D96E4}.AppStore|Any CPU.ActiveCfg = Release|Any CPU
		{9BB6582C-0642-4243-874F-7F6DE12D96E4}.AppStore|Any CPU.Build.0 = Release|Any CPU
		{9BB6582C-0642-4243-874F-7F6DE12D96E4}.AppStore|Any CPU.Deploy.0 = Release|Any CPU
		{9BB6582C-0642-4243-874F-7F6DE12D96E4}.AppStore|iPhone.ActiveCfg = Release|Any CPU
		{9BB6582C-0642-4243-874F-7F6DE12D96E4}.AppStore|iPhone.Build.0 = Release|Any CPU
		{9BB6582C-0642-4243-874F-7F6DE12D96E4}.AppStore|iPhone.Deploy.0 = Release|Any CPU
		{9BB6582C-0642-4243-874F-7F6DE12D96E4}.AppStore|iPhoneSimulator.ActiveCfg = Release|Any CPU
		{9BB6582C-0642-4243-874F-7F6DE12D96E4}.AppStore|iPhoneSimulator.Build.0 = Release|Any CPU
		{9BB6582C-0642-4243-874F-7F6DE12D96E4}.AppStore|iPhoneSimulator.Deploy.0 = Release|Any CPU
		{9BB6582C-0642-4243-874F-7F6DE12D96E4}.Debug|Any CPU.ActiveCfg = Debug|Any CPU
		{9BB6582C-0642-4243-874F-7F6DE12D96E4}.Debug|Any CPU.Build.0 = Debug|Any CPU
		{9BB6582C-0642-4243-874F-7F6DE12D96E4}.Debug|Any CPU.Deploy.0 = Debug|Any CPU
		{9BB6582C-0642-4243-874F-7F6DE12D96E4}.Debug|iPhone.ActiveCfg = Debug|Any CPU
		{9BB6582C-0642-4243-874F-7F6DE12D96E4}.Debug|iPhone.Build.0 = Debug|Any CPU
		{9BB6582C-0642-4243-874F-7F6DE12D96E4}.Debug|iPhone.Deploy.0 = Debug|Any CPU
		{9BB6582C-0642-4243-874F-7F6DE12D96E4}.Debug|iPhoneSimulator.ActiveCfg = Debug|Any CPU
		{9BB6582C-0642-4243-874F-7F6DE12D96E4}.Debug|iPhoneSimulator.Build.0 = Debug|Any CPU
		{9BB6582C-0642-4243-874F-7F6DE12D96E4}.Debug|iPhoneSimulator.Deploy.0 = Debug|Any CPU
		{9BB6582C-0642-4243-874F-7F6DE12D96E4}.Release|Any CPU.ActiveCfg = Release|Any CPU
		{9BB6582C-0642-4243-874F-7F6DE12D96E4}.Release|Any CPU.Build.0 = Release|Any CPU
		{9BB6582C-0642-4243-874F-7F6DE12D96E4}.Release|Any CPU.Deploy.0 = Release|Any CPU
		{9BB6582C-0642-4243-874F-7F6DE12D96E4}.Release|iPhone.ActiveCfg = Release|Any CPU
		{9BB6582C-0642-4243-874F-7F6DE12D96E4}.Release|iPhone.Build.0 = Release|Any CPU
		{9BB6582C-0642-4243-874F-7F6DE12D96E4}.Release|iPhone.Deploy.0 = Release|Any CPU
		{9BB6582C-0642-4243-874F-7F6DE12D96E4}.Release|iPhoneSimulator.ActiveCfg = Release|Any CPU
		{9BB6582C-0642-4243-874F-7F6DE12D96E4}.Release|iPhoneSimulator.Build.0 = Release|Any CPU
		{9BB6582C-0642-4243-874F-7F6DE12D96E4}.Release|iPhoneSimulator.Deploy.0 = Release|Any CPU
		{C3C7A100-E017-488C-B08C-E1D6D1F37732}.Ad-Hoc|Any CPU.ActiveCfg = Ad-Hoc|iPhone
		{C3C7A100-E017-488C-B08C-E1D6D1F37732}.Ad-Hoc|Any CPU.Build.0 = Ad-Hoc|iPhone
		{C3C7A100-E017-488C-B08C-E1D6D1F37732}.Ad-Hoc|Any CPU.Deploy.0 = Ad-Hoc|iPhone
		{C3C7A100-E017-488C-B08C-E1D6D1F37732}.Ad-Hoc|iPhone.ActiveCfg = Ad-Hoc|iPhone
		{C3C7A100-E017-488C-B08C-E1D6D1F37732}.Ad-Hoc|iPhone.Build.0 = Ad-Hoc|iPhone
		{C3C7A100-E017-488C-B08C-E1D6D1F37732}.Ad-Hoc|iPhone.Deploy.0 = Ad-Hoc|iPhone
		{C3C7A100-E017-488C-B08C-E1D6D1F37732}.Ad-Hoc|iPhoneSimulator.ActiveCfg = Ad-Hoc|iPhoneSimulator
		{C3C7A100-E017-488C-B08C-E1D6D1F37732}.Ad-Hoc|iPhoneSimulator.Build.0 = Ad-Hoc|iPhoneSimulator
		{C3C7A100-E017-488C-B08C-E1D6D1F37732}.Ad-Hoc|iPhoneSimulator.Deploy.0 = Ad-Hoc|iPhoneSimulator
		{C3C7A100-E017-488C-B08C-E1D6D1F37732}.AppStore|Any CPU.ActiveCfg = AppStore|iPhone
		{C3C7A100-E017-488C-B08C-E1D6D1F37732}.AppStore|Any CPU.Build.0 = AppStore|iPhone
		{C3C7A100-E017-488C-B08C-E1D6D1F37732}.AppStore|Any CPU.Deploy.0 = AppStore|iPhone
		{C3C7A100-E017-488C-B08C-E1D6D1F37732}.AppStore|iPhone.ActiveCfg = AppStore|iPhone
		{C3C7A100-E017-488C-B08C-E1D6D1F37732}.AppStore|iPhone.Build.0 = AppStore|iPhone
		{C3C7A100-E017-488C-B08C-E1D6D1F37732}.AppStore|iPhone.Deploy.0 = AppStore|iPhone
		{C3C7A100-E017-488C-B08C-E1D6D1F37732}.AppStore|iPhoneSimulator.ActiveCfg = AppStore|iPhoneSimulator
		{C3C7A100-E017-488C-B08C-E1D6D1F37732}.AppStore|iPhoneSimulator.Build.0 = AppStore|iPhoneSimulator
		{C3C7A100-E017-488C-B08C-E1D6D1F37732}.AppStore|iPhoneSimulator.Deploy.0 = AppStore|iPhoneSimulator
		{C3C7A100-E017-488C-B08C-E1D6D1F37732}.Debug|Any CPU.ActiveCfg = Debug|iPhoneSimulator
		{C3C7A100-E017-488C-B08C-E1D6D1F37732}.Debug|Any CPU.Build.0 = Debug|iPhoneSimulator
		{C3C7A100-E017-488C-B08C-E1D6D1F37732}.Debug|Any CPU.Deploy.0 = Debug|iPhoneSimulator
		{C3C7A100-E017-488C-B08C-E1D6D1F37732}.Debug|iPhone.ActiveCfg = Debug|iPhone
		{C3C7A100-E017-488C-B08C-E1D6D1F37732}.Debug|iPhone.Build.0 = Debug|iPhone
		{C3C7A100-E017-488C-B08C-E1D6D1F37732}.Debug|iPhone.Deploy.0 = Debug|iPhone
		{C3C7A100-E017-488C-B08C-E1D6D1F37732}.Debug|iPhoneSimulator.ActiveCfg = Debug|iPhoneSimulator
		{C3C7A100-E017-488C-B08C-E1D6D1F37732}.Debug|iPhoneSimulator.Build.0 = Debug|iPhoneSimulator
		{C3C7A100-E017-488C-B08C-E1D6D1F37732}.Debug|iPhoneSimulator.Deploy.0 = Debug|iPhoneSimulator
		{C3C7A100-E017-488C-B08C-E1D6D1F37732}.Release|Any CPU.ActiveCfg = Release|iPhone
		{C3C7A100-E017-488C-B08C-E1D6D1F37732}.Release|Any CPU.Build.0 = Release|iPhone
		{C3C7A100-E017-488C-B08C-E1D6D1F37732}.Release|Any CPU.Deploy.0 = Release|iPhone
		{C3C7A100-E017-488C-B08C-E1D6D1F37732}.Release|iPhone.ActiveCfg = Release|iPhone
		{C3C7A100-E017-488C-B08C-E1D6D1F37732}.Release|iPhone.Build.0 = Release|iPhone
		{C3C7A100-E017-488C-B08C-E1D6D1F37732}.Release|iPhone.Deploy.0 = Release|iPhone
		{C3C7A100-E017-488C-B08C-E1D6D1F37732}.Release|iPhoneSimulator.ActiveCfg = Release|iPhoneSimulator
		{C3C7A100-E017-488C-B08C-E1D6D1F37732}.Release|iPhoneSimulator.Build.0 = Release|iPhoneSimulator
		{C3C7A100-E017-488C-B08C-E1D6D1F37732}.Release|iPhoneSimulator.Deploy.0 = Release|iPhoneSimulator
		{0F611AB5-81E2-43C5-99F2-A8EC9B5479DA}.Ad-Hoc|Any CPU.ActiveCfg = Debug|Any CPU
		{0F611AB5-81E2-43C5-99F2-A8EC9B5479DA}.Ad-Hoc|Any CPU.Build.0 = Debug|Any CPU
		{0F611AB5-81E2-43C5-99F2-A8EC9B5479DA}.Ad-Hoc|Any CPU.Deploy.0 = Debug|Any CPU
		{0F611AB5-81E2-43C5-99F2-A8EC9B5479DA}.Ad-Hoc|iPhone.ActiveCfg = Debug|Any CPU
		{0F611AB5-81E2-43C5-99F2-A8EC9B5479DA}.Ad-Hoc|iPhone.Build.0 = Debug|Any CPU
		{0F611AB5-81E2-43C5-99F2-A8EC9B5479DA}.Ad-Hoc|iPhone.Deploy.0 = Debug|Any CPU
		{0F611AB5-81E2-43C5-99F2-A8EC9B5479DA}.Ad-Hoc|iPhoneSimulator.ActiveCfg = Debug|Any CPU
		{0F611AB5-81E2-43C5-99F2-A8EC9B5479DA}.Ad-Hoc|iPhoneSimulator.Build.0 = Debug|Any CPU
		{0F611AB5-81E2-43C5-99F2-A8EC9B5479DA}.Ad-Hoc|iPhoneSimulator.Deploy.0 = Debug|Any CPU
		{0F611AB5-81E2-43C5-99F2-A8EC9B5479DA}.AppStore|Any CPU.ActiveCfg = Debug|Any CPU
		{0F611AB5-81E2-43C5-99F2-A8EC9B5479DA}.AppStore|Any CPU.Build.0 = Debug|Any CPU
		{0F611AB5-81E2-43C5-99F2-A8EC9B5479DA}.AppStore|Any CPU.Deploy.0 = Debug|Any CPU
		{0F611AB5-81E2-43C5-99F2-A8EC9B5479DA}.AppStore|iPhone.ActiveCfg = Debug|Any CPU
		{0F611AB5-81E2-43C5-99F2-A8EC9B5479DA}.AppStore|iPhone.Build.0 = Debug|Any CPU
		{0F611AB5-81E2-43C5-99F2-A8EC9B5479DA}.AppStore|iPhone.Deploy.0 = Debug|Any CPU
		{0F611AB5-81E2-43C5-99F2-A8EC9B5479DA}.AppStore|iPhoneSimulator.ActiveCfg = Debug|Any CPU
		{0F611AB5-81E2-43C5-99F2-A8EC9B5479DA}.AppStore|iPhoneSimulator.Build.0 = Debug|Any CPU
		{0F611AB5-81E2-43C5-99F2-A8EC9B5479DA}.AppStore|iPhoneSimulator.Deploy.0 = Debug|Any CPU
		{0F611AB5-81E2-43C5-99F2-A8EC9B5479DA}.Debug|Any CPU.ActiveCfg = Debug|Any CPU
		{0F611AB5-81E2-43C5-99F2-A8EC9B5479DA}.Debug|Any CPU.Build.0 = Debug|Any CPU
		{0F611AB5-81E2-43C5-99F2-A8EC9B5479DA}.Debug|Any CPU.Deploy.0 = Debug|Any CPU
		{0F611AB5-81E2-43C5-99F2-A8EC9B5479DA}.Debug|iPhone.ActiveCfg = Debug|Any CPU
		{0F611AB5-81E2-43C5-99F2-A8EC9B5479DA}.Debug|iPhone.Build.0 = Debug|Any CPU
		{0F611AB5-81E2-43C5-99F2-A8EC9B5479DA}.Debug|iPhone.Deploy.0 = Debug|Any CPU
		{0F611AB5-81E2-43C5-99F2-A8EC9B5479DA}.Debug|iPhoneSimulator.ActiveCfg = Debug|Any CPU
		{0F611AB5-81E2-43C5-99F2-A8EC9B5479DA}.Debug|iPhoneSimulator.Build.0 = Debug|Any CPU
		{0F611AB5-81E2-43C5-99F2-A8EC9B5479DA}.Debug|iPhoneSimulator.Deploy.0 = Debug|Any CPU
		{0F611AB5-81E2-43C5-99F2-A8EC9B5479DA}.Release|Any CPU.ActiveCfg = Release|Any CPU
		{0F611AB5-81E2-43C5-99F2-A8EC9B5479DA}.Release|Any CPU.Build.0 = Release|Any CPU
		{0F611AB5-81E2-43C5-99F2-A8EC9B5479DA}.Release|Any CPU.Deploy.0 = Release|Any CPU
		{0F611AB5-81E2-43C5-99F2-A8EC9B5479DA}.Release|iPhone.ActiveCfg = Release|Any CPU
		{0F611AB5-81E2-43C5-99F2-A8EC9B5479DA}.Release|iPhone.Build.0 = Release|Any CPU
		{0F611AB5-81E2-43C5-99F2-A8EC9B5479DA}.Release|iPhone.Deploy.0 = Release|Any CPU
		{0F611AB5-81E2-43C5-99F2-A8EC9B5479DA}.Release|iPhoneSimulator.ActiveCfg = Release|Any CPU
		{0F611AB5-81E2-43C5-99F2-A8EC9B5479DA}.Release|iPhoneSimulator.Build.0 = Release|Any CPU
		{0F611AB5-81E2-43C5-99F2-A8EC9B5479DA}.Release|iPhoneSimulator.Deploy.0 = Release|Any CPU
	EndGlobalSection
	GlobalSection(SolutionProperties) = preSolution
		HideSolutionNode = FALSE
	EndGlobalSection
	GlobalSection(ExtensibilityGlobals) = postSolution
		SolutionGuid = {55E9FE54-5443-4B2D-81F7-104D50AF49D9}
	EndGlobalSection
EndGlobal
